
Microsoft Visual Studio Solution File, Format Version 12.00
# Visual Studio Version 16
VisualStudioVersion = 16.0.32602.291
MinimumVisualStudioVersion = 10.0.40219.1
Project("{FAE04EC0-301F-11D3-BF4B-00C04F79EFBC}") = "Workaround", "Workaround\Workaround.csproj", "{7E0570C1-A5C4-41F2-B8E4-0671EB288C6E}"
EndProject
Project("{FAE04EC0-301F-11D3-BF4B-00C04F79EFBC}") = "Entities", "Entities\Entities.csproj", "{C5B9D52A-E783-4646-8B76-D2CF7E1A5784}"
EndProject
Project("{FAE04EC0-301F-11D3-BF4B-00C04F79EFBC}") = "Business", "Business\Business.csproj", "{9965C2D2-2407-4103-B747-F7A6A9B5F39D}"
EndProject
Global
	GlobalSection(SolutionConfigurationPlatforms) = preSolution
		Debug|Any CPU = Debug|Any CPU
		Release|Any CPU = Release|Any CPU
	EndGlobalSection
	GlobalSection(ProjectConfigurationPlatforms) = postSolution
		{7E0570C1-A5C4-41F2-B8E4-0671EB288C6E}.Debug|Any CPU.ActiveCfg = Debug|Any CPU
		{7E0570C1-A5C4-41F2-B8E4-0671EB288C6E}.Debug|Any CPU.Build.0 = Debug|Any CPU
		{7E0570C1-A5C4-41F2-B8E4-0671EB288C6E}.Release|Any CPU.ActiveCfg = Release|Any CPU
		{7E0570C1-A5C4-41F2-B8E4-0671EB288C6E}.Release|Any CPU.Build.0 = Release|Any CPU
		{C5B9D52A-E783-4646-8B76-D2CF7E1A5784}.Debug|Any CPU.ActiveCfg = Debug|Any CPU
		{C5B9D52A-E783-4646-8B76-D2CF7E1A5784}.Debug|Any CPU.Build.0 = Debug|Any CPU
		{C5B9D52A-E783-4646-8B76-D2CF7E1A5784}.Release|Any CPU.ActiveCfg = Release|Any CPU
		{C5B9D52A-E783-4646-8B76-D2CF7E1A5784}.Release|Any CPU.Build.0 = Release|Any CPU
		{9965C2D2-2407-4103-B747-F7A6A9B5F39D}.Debug|Any CPU.ActiveCfg = Debug|Any CPU
		{9965C2D2-2407-4103-B747-F7A6A9B5F39D}.Debug|Any CPU.Build.0 = Debug|Any CPU
		{9965C2D2-2407-4103-B747-F7A6A9B5F39D}.Release|Any CPU.ActiveCfg = Release|Any CPU
		{9965C2D2-2407-4103-B747-F7A6A9B5F39D}.Release|Any CPU.Build.0 = Release|Any CPU
	EndGlobalSection
	GlobalSection(SolutionProperties) = preSolution
		HideSolutionNode = FALSE
	EndGlobalSection
	GlobalSection(ExtensibilityGlobals) = postSolution
		SolutionGuid = {396DBE51-B350-4D66-847B-0A7FA677716E}
	EndGlobalSection
EndGlobal
